
Microsoft Visual Studio Solution File, Format Version 12.00
# Visual Studio Version 16
VisualStudioVersion = 16.0.29709.97
MinimumVisualStudioVersion = 10.0.40219.1
Project("{FAE04EC0-301F-11D3-BF4B-00C04F79EFBC}") = "PasswordCheckLib", "PasswordCheckLib\PasswordCheckLib.csproj", "{16F93C99-7F05-41F5-86D2-DD2D646831D7}"
EndProject
Project("{FAE04EC0-301F-11D3-BF4B-00C04F79EFBC}") = "CheckPassword", "CheckPassword\CheckPassword.csproj", "{6238EBDC-CF84-4DE0-9421-3A59A5E46742}"
EndProject
Global
	GlobalSection(SolutionConfigurationPlatforms) = preSolution
		Debug|Any CPU = Debug|Any CPU
		Release|Any CPU = Release|Any CPU
	EndGlobalSection
	GlobalSection(ProjectConfigurationPlatforms) = postSolution
		{16F93C99-7F05-41F5-86D2-DD2D646831D7}.Debug|Any CPU.ActiveCfg = Debug|Any CPU
		{16F93C99-7F05-41F5-86D2-DD2D646831D7}.Debug|Any CPU.Build.0 = Debug|Any CPU
		{16F93C99-7F05-41F5-86D2-DD2D646831D7}.Release|Any CPU.ActiveCfg = Release|Any CPU
		{16F93C99-7F05-41F5-86D2-DD2D646831D7}.Release|Any CPU.Build.0 = Release|Any CPU
		{6238EBDC-CF84-4DE0-9421-3A59A5E46742}.Debug|Any CPU.ActiveCfg = Debug|Any CPU
		{6238EBDC-CF84-4DE0-9421-3A59A5E46742}.Debug|Any CPU.Build.0 = Debug|Any CPU
		{6238EBDC-CF84-4DE0-9421-3A59A5E46742}.Release|Any CPU.ActiveCfg = Release|Any CPU
		{6238EBDC-CF84-4DE0-9421-3A59A5E46742}.Release|Any CPU.Build.0 = Release|Any CPU
	EndGlobalSection
	GlobalSection(SolutionProperties) = preSolution
		HideSolutionNode = FALSE
	EndGlobalSection
	GlobalSection(ExtensibilityGlobals) = postSolution
		SolutionGuid = {8C662675-5289-43C2-A924-D0ACCF17F3A6}
	EndGlobalSection
EndGlobal
